// !$*UTF8*$!
{
	archiveVersion = 1;
	classes = {
	};
	objectVersion = 48;
	objects = {

/* Begin PBXBuildFile section */
		721C454F2041795F00736BF6 /* CameraViewController.swift in Sources */ = {isa = PBXBuildFile; fileRef = 721C454C2041795E00736BF6 /* CameraViewController.swift */; };
		721C45502041795F00736BF6 /* PhotoCaptureDelegate.swift in Sources */ = {isa = PBXBuildFile; fileRef = 721C454D2041795E00736BF6 /* PhotoCaptureDelegate.swift */; };
		721C45512041795F00736BF6 /* PreviewView.swift in Sources */ = {isa = PBXBuildFile; fileRef = 721C454E2041795F00736BF6 /* PreviewView.swift */; };
		72BF375A20122C6200725F1D /* AppDelegate.swift in Sources */ = {isa = PBXBuildFile; fileRef = 72BF375920122C6200725F1D /* AppDelegate.swift */; };
		72BF375F20122C6200725F1D /* Main.storyboard in Resources */ = {isa = PBXBuildFile; fileRef = 72BF375D20122C6200725F1D /* Main.storyboard */; };
		72BF376120122C6300725F1D /* Assets.xcassets in Resources */ = {isa = PBXBuildFile; fileRef = 72BF376020122C6300725F1D /* Assets.xcassets */; };
		72BF376420122C6300725F1D /* LaunchScreen.storyboard in Resources */ = {isa = PBXBuildFile; fileRef = 72BF376220122C6300725F1D /* LaunchScreen.storyboard */; };
/* End PBXBuildFile section */

/* Begin PBXContainerItemProxy section */
		72BF376B20122C6300725F1D /* PBXContainerItemProxy */ = {
			isa = PBXContainerItemProxy;
			containerPortal = 72BF374E20122C6200725F1D /* Project object */;
			proxyType = 1;
			remoteGlobalIDString = 72BF375520122C6200725F1D;
			remoteInfo = "Photo Overlayer";
		};
		72BF377620122C6400725F1D /* PBXContainerItemProxy */ = {
			isa = PBXContainerItemProxy;
			containerPortal = 72BF374E20122C6200725F1D /* Project object */;
			proxyType = 1;
			remoteGlobalIDString = 72BF375520122C6200725F1D;
			remoteInfo = "Photo Overlayer";
		};
/* End PBXContainerItemProxy section */

/* Begin PBXFileReference section */
		721C454C2041795E00736BF6 /* CameraViewController.swift */ = {isa = PBXFileReference; fileEncoding = 4; lastKnownFileType = sourcecode.swift; path = CameraViewController.swift; sourceTree = "<group>"; };
		721C454D2041795E00736BF6 /* PhotoCaptureDelegate.swift */ = {isa = PBXFileReference; fileEncoding = 4; lastKnownFileType = sourcecode.swift; path = PhotoCaptureDelegate.swift; sourceTree = "<group>"; };
		721C454E2041795F00736BF6 /* PreviewView.swift */ = {isa = PBXFileReference; fileEncoding = 4; lastKnownFileType = sourcecode.swift; path = PreviewView.swift; sourceTree = "<group>"; };
		72BF375620122C6200725F1D /* Photo Overlayer.app */ = {isa = PBXFileReference; explicitFileType = wrapper.application; includeInIndex = 0; path = "Photo Overlayer.app"; sourceTree = BUILT_PRODUCTS_DIR; };
		72BF375920122C6200725F1D /* AppDelegate.swift */ = {isa = PBXFileReference; lastKnownFileType = sourcecode.swift; path = AppDelegate.swift; sourceTree = "<group>"; };
		72BF375E20122C6200725F1D /* Base */ = {isa = PBXFileReference; lastKnownFileType = file.storyboard; name = Base; path = Base.lproj/Main.storyboard; sourceTree = "<group>"; };
		72BF376020122C6300725F1D /* Assets.xcassets */ = {isa = PBXFileReference; lastKnownFileType = folder.assetcatalog; path = Assets.xcassets; sourceTree = "<group>"; };
		72BF376320122C6300725F1D /* Base */ = {isa = PBXFileReference; lastKnownFileType = file.storyboard; name = Base; path = Base.lproj/LaunchScreen.storyboard; sourceTree = "<group>"; };
		72BF376520122C6300725F1D /* Info.plist */ = {isa = PBXFileReference; lastKnownFileType = text.plist.xml; path = Info.plist; sourceTree = "<group>"; };
		72BF376A20122C6300725F1D /* Photo OverlayerTests.xctest */ = {isa = PBXFileReference; explicitFileType = wrapper.cfbundle; includeInIndex = 0; path = "Photo OverlayerTests.xctest"; sourceTree = BUILT_PRODUCTS_DIR; };
		72BF377520122C6400725F1D /* Photo OverlayerUITests.xctest */ = {isa = PBXFileReference; explicitFileType = wrapper.cfbundle; includeInIndex = 0; path = "Photo OverlayerUITests.xctest"; sourceTree = BUILT_PRODUCTS_DIR; };
/* End PBXFileReference section */

/* Begin PBXFrameworksBuildPhase section */
		72BF375320122C6200725F1D /* Frameworks */ = {
			isa = PBXFrameworksBuildPhase;
			buildActionMask = 2147483647;
			files = (
			);
			runOnlyForDeploymentPostprocessing = 0;
		};
		72BF376720122C6300725F1D /* Frameworks */ = {
			isa = PBXFrameworksBuildPhase;
			buildActionMask = 2147483647;
			files = (
			);
			runOnlyForDeploymentPostprocessing = 0;
		};
		72BF377220122C6400725F1D /* Frameworks */ = {
			isa = PBXFrameworksBuildPhase;
			buildActionMask = 2147483647;
			files = (
			);
			runOnlyForDeploymentPostprocessing = 0;
		};
/* End PBXFrameworksBuildPhase section */

/* Begin PBXGroup section */
		72BF374D20122C6200725F1D = {
			isa = PBXGroup;
			children = (
				72BF375820122C6200725F1D /* Photo Overlayer */,
				72BF375720122C6200725F1D /* Products */,
			);
			sourceTree = "<group>";
		};
		72BF375720122C6200725F1D /* Products */ = {
			isa = PBXGroup;
			children = (
				72BF375620122C6200725F1D /* Photo Overlayer.app */,
				72BF376A20122C6300725F1D /* Photo OverlayerTests.xctest */,
				72BF377520122C6400725F1D /* Photo OverlayerUITests.xctest */,
			);
			name = Products;
			sourceTree = "<group>";
		};
		72BF375820122C6200725F1D /* Photo Overlayer */ = {
			isa = PBXGroup;
			children = (
				72BF375920122C6200725F1D /* AppDelegate.swift */,
				721C454C2041795E00736BF6 /* CameraViewController.swift */,
				721C454D2041795E00736BF6 /* PhotoCaptureDelegate.swift */,
				721C454E2041795F00736BF6 /* PreviewView.swift */,
				72BF375D20122C6200725F1D /* Main.storyboard */,
				72BF376020122C6300725F1D /* Assets.xcassets */,
				72BF376220122C6300725F1D /* LaunchScreen.storyboard */,
				72BF376520122C6300725F1D /* Info.plist */,
			);
			path = "Photo Overlayer";
			sourceTree = "<group>";
		};
/* End PBXGroup section */

/* Begin PBXNativeTarget section */
		72BF375520122C6200725F1D /* Photo Overlayer */ = {
			isa = PBXNativeTarget;
			buildConfigurationList = 72BF377E20122C6400725F1D /* Build configuration list for PBXNativeTarget "Photo Overlayer" */;
			buildPhases = (
				72BF375220122C6200725F1D /* Sources */,
				72BF375320122C6200725F1D /* Frameworks */,
				72BF375420122C6200725F1D /* Resources */,
			);
			buildRules = (
			);
			dependencies = (
			);
			name = "Photo Overlayer";
			productName = "Photo Overlayer";
			productReference = 72BF375620122C6200725F1D /* Photo Overlayer.app */;
			productType = "com.apple.product-type.application";
		};
		72BF376920122C6300725F1D /* Photo OverlayerTests */ = {
			isa = PBXNativeTarget;
			buildConfigurationList = 72BF378120122C6400725F1D /* Build configuration list for PBXNativeTarget "Photo OverlayerTests" */;
			buildPhases = (
				72BF376620122C6300725F1D /* Sources */,
				72BF376720122C6300725F1D /* Frameworks */,
				72BF376820122C6300725F1D /* Resources */,
			);
			buildRules = (
			);
			dependencies = (
				72BF376C20122C6300725F1D /* PBXTargetDependency */,
			);
			name = "Photo OverlayerTests";
			productName = "Photo OverlayerTests";
			productReference = 72BF376A20122C6300725F1D /* Photo OverlayerTests.xctest */;
			productType = "com.apple.product-type.bundle.unit-test";
		};
		72BF377420122C6400725F1D /* Photo OverlayerUITests */ = {
			isa = PBXNativeTarget;
			buildConfigurationList = 72BF378420122C6400725F1D /* Build configuration list for PBXNativeTarget "Photo OverlayerUITests" */;
			buildPhases = (
				72BF377120122C6400725F1D /* Sources */,
				72BF377220122C6400725F1D /* Frameworks */,
				72BF377320122C6400725F1D /* Resources */,
			);
			buildRules = (
			);
			dependencies = (
				72BF377720122C6400725F1D /* PBXTargetDependency */,
			);
			name = "Photo OverlayerUITests";
			productName = "Photo OverlayerUITests";
			productReference = 72BF377520122C6400725F1D /* Photo OverlayerUITests.xctest */;
			productType = "com.apple.product-type.bundle.ui-testing";
		};
/* End PBXNativeTarget section */

/* Begin PBXProject section */
		72BF374E20122C6200725F1D /* Project object */ = {
			isa = PBXProject;
			attributes = {
				LastSwiftUpdateCheck = 0920;
				LastUpgradeCheck = 0930;
				ORGANIZATIONNAME = iSan4eZ;
				TargetAttributes = {
					72BF375520122C6200725F1D = {
						CreatedOnToolsVersion = 9.2;
						LastSwiftMigration = 1000;
						ProvisioningStyle = Automatic;
					};
					72BF376920122C6300725F1D = {
						CreatedOnToolsVersion = 9.2;
						ProvisioningStyle = Automatic;
						TestTargetID = 72BF375520122C6200725F1D;
					};
					72BF377420122C6400725F1D = {
						CreatedOnToolsVersion = 9.2;
						ProvisioningStyle = Automatic;
						TestTargetID = 72BF375520122C6200725F1D;
					};
				};
			};
			buildConfigurationList = 72BF375120122C6200725F1D /* Build configuration list for PBXProject "Photo Overlayer" */;
			compatibilityVersion = "Xcode 8.0";
			developmentRegion = en;
			hasScannedForEncodings = 0;
			knownRegions = (
				en,
				Base,
			);
			mainGroup = 72BF374D20122C6200725F1D;
			productRefGroup = 72BF375720122C6200725F1D /* Products */;
			projectDirPath = "";
			projectRoot = "";
			targets = (
				72BF375520122C6200725F1D /* Photo Overlayer */,
				72BF376920122C6300725F1D /* Photo OverlayerTests */,
				72BF377420122C6400725F1D /* Photo OverlayerUITests */,
			);
		};
/* End PBXProject section */

/* Begin PBXResourcesBuildPhase section */
		72BF375420122C6200725F1D /* Resources */ = {
			isa = PBXResourcesBuildPhase;
			buildActionMask = 2147483647;
			files = (
				72BF376420122C6300725F1D /* LaunchScreen.storyboard in Resources */,
				72BF376120122C6300725F1D /* Assets.xcassets in Resources */,
				72BF375F20122C6200725F1D /* Main.storyboard in Resources */,
			);
			runOnlyForDeploymentPostprocessing = 0;
		};
		72BF376820122C6300725F1D /* Resources */ = {
			isa = PBXResourcesBuildPhase;
			buildActionMask = 2147483647;
			files = (
			);
			runOnlyForDeploymentPostprocessing = 0;
		};
		72BF377320122C6400725F1D /* Resources */ = {
			isa = PBXResourcesBuildPhase;
			buildActionMask = 2147483647;
			files = (
			);
			runOnlyForDeploymentPostprocessing = 0;
		};
/* End PBXResourcesBuildPhase section */

/* Begin PBXSourcesBuildPhase section */
		72BF375220122C6200725F1D /* Sources */ = {
			isa = PBXSourcesBuildPhase;
			buildActionMask = 2147483647;
			files = (
				721C45502041795F00736BF6 /* PhotoCaptureDelegate.swift in Sources */,
				72BF375A20122C6200725F1D /* AppDelegate.swift in Sources */,
				721C45512041795F00736BF6 /* PreviewView.swift in Sources */,
				721C454F2041795F00736BF6 /* CameraViewController.swift in Sources */,
			);
			runOnlyForDeploymentPostprocessing = 0;
		};
		72BF376620122C6300725F1D /* Sources */ = {
			isa = PBXSourcesBuildPhase;
			buildActionMask = 2147483647;
			files = (
			);
			runOnlyForDeploymentPostprocessing = 0;
		};
		72BF377120122C6400725F1D /* Sources */ = {
			isa = PBXSourcesBuildPhase;
			buildActionMask = 2147483647;
			files = (
			);
			runOnlyForDeploymentPostprocessing = 0;
		};
/* End PBXSourcesBuildPhase section */

/* Begin PBXTargetDependency section */
		72BF376C20122C6300725F1D /* PBXTargetDependency */ = {
			isa = PBXTargetDependency;
			target = 72BF375520122C6200725F1D /* Photo Overlayer */;
			targetProxy = 72BF376B20122C6300725F1D /* PBXContainerItemProxy */;
		};
		72BF377720122C6400725F1D /* PBXTargetDependency */ = {
			isa = PBXTargetDependency;
			target = 72BF375520122C6200725F1D /* Photo Overlayer */;
			targetProxy = 72BF377620122C6400725F1D /* PBXContainerItemProxy */;
		};
/* End PBXTargetDependency section */

/* Begin PBXVariantGroup section */
		72BF375D20122C6200725F1D /* Main.storyboard */ = {
			isa = PBXVariantGroup;
			children = (
				72BF375E20122C6200725F1D /* Base */,
			);
			name = Main.storyboard;
			sourceTree = "<group>";
		};
		72BF376220122C6300725F1D /* LaunchScreen.storyboard */ = {
			isa = PBXVariantGroup;
			children = (
				72BF376320122C6300725F1D /* Base */,
			);
			name = LaunchScreen.storyboard;
			sourceTree = "<group>";
		};
/* End PBXVariantGroup section */

/* Begin XCBuildConfiguration section */
		72BF377C20122C6400725F1D /* Debug */ = {
			isa = XCBuildConfiguration;
			buildSettings = {
				ALWAYS_SEARCH_USER_PATHS = NO;
				CLANG_ANALYZER_NONNULL = YES;
				CLANG_ANALYZER_NUMBER_OBJECT_CONVERSION = YES_AGGRESSIVE;
				CLANG_CXX_LANGUAGE_STANDARD = "gnu++14";
				CLANG_CXX_LIBRARY = "libc++";
				CLANG_ENABLE_MODULES = YES;
				CLANG_ENABLE_OBJC_ARC = YES;
				CLANG_WARN_BLOCK_CAPTURE_AUTORELEASING = YES;
				CLANG_WARN_BOOL_CONVERSION = YES;
				CLANG_WARN_COMMA = YES;
				CLANG_WARN_CONSTANT_CONVERSION = YES;
				CLANG_WARN_DEPRECATED_OBJC_IMPLEMENTATIONS = YES;
				CLANG_WARN_DIRECT_OBJC_ISA_USAGE = YES_ERROR;
				CLANG_WARN_DOCUMENTATION_COMMENTS = YES;
				CLANG_WARN_EMPTY_BODY = YES;
				CLANG_WARN_ENUM_CONVERSION = YES;
				CLANG_WARN_INFINITE_RECURSION = YES;
				CLANG_WARN_INT_CONVERSION = YES;
				CLANG_WARN_NON_LITERAL_NULL_CONVERSION = YES;
				CLANG_WARN_OBJC_IMPLICIT_RETAIN_SELF = YES;
				CLANG_WARN_OBJC_LITERAL_CONVERSION = YES;
				CLANG_WARN_OBJC_ROOT_CLASS = YES_ERROR;
				CLANG_WARN_RANGE_LOOP_ANALYSIS = YES;
				CLANG_WARN_STRICT_PROTOTYPES = YES;
				CLANG_WARN_SUSPICIOUS_MOVE = YES;
				CLANG_WARN_UNGUARDED_AVAILABILITY = YES_AGGRESSIVE;
				CLANG_WARN_UNREACHABLE_CODE = YES;
				CLANG_WARN__DUPLICATE_METHOD_MATCH = YES;
				CODE_SIGN_IDENTITY = "iPhone Developer";
				COPY_PHASE_STRIP = NO;
				DEBUG_INFORMATION_FORMAT = dwarf;
				ENABLE_STRICT_OBJC_MSGSEND = YES;
				ENABLE_TESTABILITY = YES;
				GCC_C_LANGUAGE_STANDARD = gnu11;
				GCC_DYNAMIC_NO_PIC = NO;
				GCC_NO_COMMON_BLOCKS = YES;
				GCC_OPTIMIZATION_LEVEL = 0;
				GCC_PREPROCESSOR_DEFINITIONS = (
					"DEBUG=1",
					"$(inherited)",
				);
				GCC_WARN_64_TO_32_BIT_CONVERSION = YES;
				GCC_WARN_ABOUT_RETURN_TYPE = YES_ERROR;
				GCC_WARN_UNDECLARED_SELECTOR = YES;
				GCC_WARN_UNINITIALIZED_AUTOS = YES_AGGRESSIVE;
				GCC_WARN_UNUSED_FUNCTION = YES;
				GCC_WARN_UNUSED_VARIABLE = YES;
				IPHONEOS_DEPLOYMENT_TARGET = 11.2;
				MTL_ENABLE_DEBUG_INFO = YES;
				ONLY_ACTIVE_ARCH = YES;
				SDKROOT = iphoneos;
				SWIFT_ACTIVE_COMPILATION_CONDITIONS = DEBUG;
				SWIFT_OPTIMIZATION_LEVEL = "-Onone";
			};
			name = Debug;
		};
		72BF377D20122C6400725F1D /* Release */ = {
			isa = XCBuildConfiguration;
			buildSettings = {
				ALWAYS_SEARCH_USER_PATHS = NO;
				CLANG_ANALYZER_NONNULL = YES;
				CLANG_ANALYZER_NUMBER_OBJECT_CONVERSION = YES_AGGRESSIVE;
				CLANG_CXX_LANGUAGE_STANDARD = "gnu++14";
				CLANG_CXX_LIBRARY = "libc++";
				CLANG_ENABLE_MODULES = YES;
				CLANG_ENABLE_OBJC_ARC = YES;
				CLANG_WARN_BLOCK_CAPTURE_AUTORELEASING = YES;
				CLANG_WARN_BOOL_CONVERSION = YES;
				CLANG_WARN_COMMA = YES;
				CLANG_WARN_CONSTANT_CONVERSION = YES;
				CLANG_WARN_DEPRECATED_OBJC_IMPLEMENTATIONS = YES;
				CLANG_WARN_DIRECT_OBJC_ISA_USAGE = YES_ERROR;
				CLANG_WARN_DOCUMENTATION_COMMENTS = YES;
				CLANG_WARN_EMPTY_BODY = YES;
				CLANG_WARN_ENUM_CONVERSION = YES;
				CLANG_WARN_INFINITE_RECURSION = YES;
				CLANG_WARN_INT_CONVERSION = YES;
				CLANG_WARN_NON_LITERAL_NULL_CONVERSION = YES;
				CLANG_WARN_OBJC_IMPLICIT_RETAIN_SELF = YES;
				CLANG_WARN_OBJC_LITERAL_CONVERSION = YES;
				CLANG_WARN_OBJC_ROOT_CLASS = YES_ERROR;
				CLANG_WARN_RANGE_LOOP_ANALYSIS = YES;
				CLANG_WARN_STRICT_PROTOTYPES = YES;
				CLANG_WARN_SUSPICIOUS_MOVE = YES;
				CLANG_WARN_UNGUARDED_AVAILABILITY = YES_AGGRESSIVE;
				CLANG_WARN_UNREACHABLE_CODE = YES;
				CLANG_WARN__DUPLICATE_METHOD_MATCH = YES;
				CODE_SIGN_IDENTITY = "iPhone Developer";
				COPY_PHASE_STRIP = NO;
				DEBUG_INFORMATION_FORMAT = "dwarf-with-dsym";
				ENABLE_NS_ASSERTIONS = NO;
				ENABLE_STRICT_OBJC_MSGSEND = YES;
				GCC_C_LANGUAGE_STANDARD = gnu11;
				GCC_NO_COMMON_BLOCKS = YES;
				GCC_WARN_64_TO_32_BIT_CONVERSION = YES;
				GCC_WARN_ABOUT_RETURN_TYPE = YES_ERROR;
				GCC_WARN_UNDECLARED_SELECTOR = YES;
				GCC_WARN_UNINITIALIZED_AUTOS = YES_AGGRESSIVE;
				GCC_WARN_UNUSED_FUNCTION = YES;
				GCC_WARN_UNUSED_VARIABLE = YES;
				IPHONEOS_DEPLOYMENT_TARGET = 11.2;
				MTL_ENABLE_DEBUG_INFO = NO;
				SDKROOT = iphoneos;
				SWIFT_OPTIMIZATION_LEVEL = "-Owholemodule";
				VALIDATE_PRODUCT = YES;
			};
			name = Release;
		};
		72BF377F20122C6400725F1D /* Debug */ = {
			isa = XCBuildConfiguration;
			buildSettings = {
				ASSETCATALOG_COMPILER_APPICON_NAME = AppIcon;
				CLANG_ENABLE_OBJC_WEAK = YES;
				CODE_SIGN_IDENTITY = "iPhone Developer";
				CODE_SIGN_STYLE = Automatic;
				DEVELOPMENT_TEAM = 6VW33B85K5;
				INFOPLIST_FILE = "Photo Overlayer/Info.plist";
				IPHONEOS_DEPLOYMENT_TARGET = 11.0;
				LD_RUNPATH_SEARCH_PATHS = "$(inherited) @executable_path/Frameworks";
				PRODUCT_BUNDLE_IDENTIFIER = "com.isan4ez.Photo-Overlayer";
				PRODUCT_NAME = "$(TARGET_NAME)";
				PROVISIONING_PROFILE_SPECIFIER = "";
				SWIFT_VERSION = 4.2;
				TARGETED_DEVICE_FAMILY = "1,2";
			};
			name = Debug;
		};
		72BF378020122C6400725F1D /* Release */ = {
			isa = XCBuildConfiguration;
			buildSettings = {
				ASSETCATALOG_COMPILER_APPICON_NAME = AppIcon;
				CLANG_ENABLE_OBJC_WEAK = YES;
				CODE_SIGN_IDENTITY = "iPhone Developer";
				CODE_SIGN_STYLE = Automatic;
				DEVELOPMENT_TEAM = 6VW33B85K5;
				INFOPLIST_FILE = "Photo Overlayer/Info.plist";
				IPHONEOS_DEPLOYMENT_TARGET = 11.0;
				LD_RUNPATH_SEARCH_PATHS = "$(inherited) @executable_path/Frameworks";
				PRODUCT_BUNDLE_IDENTIFIER = "com.isan4ez.Photo-Overlayer";
				PRODUCT_NAME = "$(TARGET_NAME)";
				PROVISIONING_PROFILE_SPECIFIER = "";
				SWIFT_VERSION = 4.2;
				TARGETED_DEVICE_FAMILY = "1,2";
			};
			name = Release;
		};
		72BF378220122C6400725F1D /* Debug */ = {
			isa = XCBuildConfiguration;
			buildSettings = {
				ALWAYS_EMBED_SWIFT_STANDARD_LIBRARIES = YES;
				BUNDLE_LOADER = "$(TEST_HOST)";
				CLANG_ENABLE_OBJC_WEAK = YES;
				CODE_SIGN_STYLE = Automatic;
				DEVELOPMENT_TEAM = 6VW33B85K5;
				INFOPLIST_FILE = "Photo OverlayerTests/Info.plist";
				LD_RUNPATH_SEARCH_PATHS = "$(inherited) @executable_path/Frameworks @loader_path/Frameworks";
				PRODUCT_BUNDLE_IDENTIFIER = "com.isan4ez.Photo-OverlayerTests";
				PRODUCT_NAME = "$(TARGET_NAME)";
				SWIFT_VERSION = 4.0;
				TARGETED_DEVICE_FAMILY = "1,2";
				TEST_HOST = "$(BUILT_PRODUCTS_DIR)/Photo Overlayer.app/Photo Overlayer";
			};
			name = Debug;
		};
		72BF378320122C6400725F1D /* Release */ = {
			isa = XCBuildConfiguration;
			buildSettings = {
				ALWAYS_EMBED_SWIFT_STANDARD_LIBRARIES = YES;
				BUNDLE_LOADER = "$(TEST_HOST)";
				CLANG_ENABLE_OBJC_WEAK = YES;
				CODE_SIGN_STYLE = Automatic;
				DEVELOPMENT_TEAM = 6VW33B85K5;
				INFOPLIST_FILE = "Photo OverlayerTests/Info.plist";
				LD_RUNPATH_SEARCH_PATHS = "$(inherited) @executable_path/Frameworks @loader_path/Frameworks";
				PRODUCT_BUNDLE_IDENTIFIER = "com.isan4ez.Photo-OverlayerTests";
				PRODUCT_NAME = "$(TARGET_NAME)";
				SWIFT_VERSION = 4.0;
				TARGETED_DEVICE_FAMILY = "1,2";
				TEST_HOST = "$(BUILT_PRODUCTS_DIR)/Photo Overlayer.app/Photo Overlayer";
			};
			name = Release;
		};
		72BF378520122C6400725F1D /* Debug */ = {
			isa = XCBuildConfiguration;
			buildSettings = {
				ALWAYS_EMBED_SWIFT_STANDARD_LIBRARIES = YES;
				CLANG_ENABLE_OBJC_WEAK = YES;
				CODE_SIGN_STYLE = Automatic;
				DEVELOPMENT_TEAM = 6VW33B85K5;
				INFOPLIST_FILE = "Photo OverlayerUITests/Info.plist";
				LD_RUNPATH_SEARCH_PATHS = "$(inherited) @executable_path/Frameworks @loader_path/Frameworks";
				PRODUCT_BUNDLE_IDENTIFIER = "com.isan4ez.Photo-OverlayerUITests";
				PRODUCT_NAME = "$(TARGET_NAME)";
				SWIFT_VERSION = 4.0;
				TARGETED_DEVICE_FAMILY = "1,2";
				TEST_TARGET_NAME = "Photo Overlayer";
			};
			name = Debug;
		};
		72BF378620122C6400725F1D /* Release */ = {
			isa = XCBuildConfiguration;
			buildSettings = {
				ALWAYS_EMBED_SWIFT_STANDARD_LIBRARIES = YES;
				CLANG_ENABLE_OBJC_WEAK = YES;
				CODE_SIGN_STYLE = Automatic;
				DEVELOPMENT_TEAM = 6VW33B85K5;
				INFOPLIST_FILE = "Photo OverlayerUITests/Info.plist";
				LD_RUNPATH_SEARCH_PATHS = "$(inherited) @executable_path/Frameworks @loader_path/Frameworks";
				PRODUCT_BUNDLE_IDENTIFIER = "com.isan4ez.Photo-OverlayerUITests";
				PRODUCT_NAME = "$(TARGET_NAME)";
				SWIFT_VERSION = 4.0;
				TARGETED_DEVICE_FAMILY = "1,2";
				TEST_TARGET_NAME = "Photo Overlayer";
			};
			name = Release;
		};
/* End XCBuildConfiguration section */

/* Begin XCConfigurationList section */
		72BF375120122C6200725F1D /* Build configuration list for PBXProject "Photo Overlayer" */ = {
			isa = XCConfigurationList;
			buildConfigurations = (
				72BF377C20122C6400725F1D /* Debug */,
				72BF377D20122C6400725F1D /* Release */,
			);
			defaultConfigurationIsVisible = 0;
			defaultConfigurationName = Release;
		};
		72BF377E20122C6400725F1D /* Build configuration list for PBXNativeTarget "Photo Overlayer" */ = {
			isa = XCConfigurationList;
			buildConfigurations = (
				72BF377F20122C6400725F1D /* Debug */,
				72BF378020122C6400725F1D /* Release */,
			);
			defaultConfigurationIsVisible = 0;
			defaultConfigurationName = Release;
		};
		72BF378120122C6400725F1D /* Build configuration list for PBXNativeTarget "Photo OverlayerTests" */ = {
			isa = XCConfigurationList;
			buildConfigurations = (
				72BF378220122C6400725F1D /* Debug */,
				72BF378320122C6400725F1D /* Release */,
			);
			defaultConfigurationIsVisible = 0;
			defaultConfigurationName = Release;
		};
		72BF378420122C6400725F1D /* Build configuration list for PBXNativeTarget "Photo OverlayerUITests" */ = {
			isa = XCConfigurationList;
			buildConfigurations = (
				72BF378520122C6400725F1D /* Debug */,
				72BF378620122C6400725F1D /* Release */,
			);
			defaultConfigurationIsVisible = 0;
			defaultConfigurationName = Release;
		};
/* End XCConfigurationList section */
	};
	rootObject = 72BF374E20122C6200725F1D /* Project object */;
}
